
Microsoft Visual Studio Solution File, Format Version 12.00
# Visual Studio Version 16
VisualStudioVersion = 16.0.30225.117
MinimumVisualStudioVersion = 10.0.40219.1
Project("{FAE04EC0-301F-11D3-BF4B-00C04F79EFBC}") = "FrontDamka", "MyDamka\FrontDamka.csproj", "{B4D05C99-3BDF-43DF-9B16-4A0E3BF143A6}"
EndProject
Project("{FAE04EC0-301F-11D3-BF4B-00C04F79EFBC}") = "BackDamka", "BackDamka\BackDamka.csproj", "{B6488309-4EE8-40B6-BB37-009F629EB576}"
EndProject
Global
	GlobalSection(SolutionConfigurationPlatforms) = preSolution
		Debug|Any CPU = Debug|Any CPU
		Release|Any CPU = Release|Any CPU
	EndGlobalSection
	GlobalSection(ProjectConfigurationPlatforms) = postSolution
		{B4D05C99-3BDF-43DF-9B16-4A0E3BF143A6}.Debug|Any CPU.ActiveCfg = Debug|Any CPU
		{B4D05C99-3BDF-43DF-9B16-4A0E3BF143A6}.Debug|Any CPU.Build.0 = Debug|Any CPU
		{B4D05C99-3BDF-43DF-9B16-4A0E3BF143A6}.Release|Any CPU.ActiveCfg = Release|Any CPU
		{B4D05C99-3BDF-43DF-9B16-4A0E3BF143A6}.Release|Any CPU.Build.0 = Release|Any CPU
		{B6488309-4EE8-40B6-BB37-009F629EB576}.Debug|Any CPU.ActiveCfg = Debug|Any CPU
		{B6488309-4EE8-40B6-BB37-009F629EB576}.Debug|Any CPU.Build.0 = Debug|Any CPU
		{B6488309-4EE8-40B6-BB37-009F629EB576}.Release|Any CPU.ActiveCfg = Release|Any CPU
		{B6488309-4EE8-40B6-BB37-009F629EB576}.Release|Any CPU.Build.0 = Release|Any CPU
	EndGlobalSection
	GlobalSection(SolutionProperties) = preSolution
		HideSolutionNode = FALSE
	EndGlobalSection
	GlobalSection(ExtensibilityGlobals) = postSolution
		SolutionGuid = {FE89B091-6D3B-4EB8-8081-AC2FE48AC4EC}
	EndGlobalSection
EndGlobal
