
Microsoft Visual Studio Solution File, Format Version 12.00
# Visual Studio Version 16
VisualStudioVersion = 16.0.30225.117
MinimumVisualStudioVersion = 10.0.40219.1
Project("{FAE04EC0-301F-11D3-BF4B-00C04F79EFBC}") = "FrontDamka", "FrontDamka\FrontDamka.csproj", "{8D29F6A7-0617-42BA-A11B-A27D75065A55}"
EndProject
Global
	GlobalSection(SolutionConfigurationPlatforms) = preSolution
		Debug|Any CPU = Debug|Any CPU
		Release|Any CPU = Release|Any CPU
	EndGlobalSection
	GlobalSection(ProjectConfigurationPlatforms) = postSolution
		{8D29F6A7-0617-42BA-A11B-A27D75065A55}.Debug|Any CPU.ActiveCfg = Debug|Any CPU
		{8D29F6A7-0617-42BA-A11B-A27D75065A55}.Debug|Any CPU.Build.0 = Debug|Any CPU
		{8D29F6A7-0617-42BA-A11B-A27D75065A55}.Release|Any CPU.ActiveCfg = Release|Any CPU
		{8D29F6A7-0617-42BA-A11B-A27D75065A55}.Release|Any CPU.Build.0 = Release|Any CPU
	EndGlobalSection
	GlobalSection(SolutionProperties) = preSolution
		HideSolutionNode = FALSE
	EndGlobalSection
	GlobalSection(ExtensibilityGlobals) = postSolution
		SolutionGuid = {5F4BBB0F-E16A-4678-BC2E-473DD3F0F091}
	EndGlobalSection
EndGlobal
